
Microsoft Visual Studio Solution File, Format Version 12.00
Project("{FAE04EC0-301F-11D3-BF4B-00C04F79EFBC}") = "Daemon", "Daemon\Daemon.csproj", "{C73C670E-FF0D-4D85-B24F-B98772B9DC94}"
EndProject
Project("{FAE04EC0-301F-11D3-BF4B-00C04F79EFBC}") = "Client", "Client\Client.csproj", "{0903C7EC-5A01-4D1E-A557-E68276374B8A}"
EndProject
Global
	GlobalSection(SolutionConfigurationPlatforms) = preSolution
		Debug|Any CPU = Debug|Any CPU
		Release|Any CPU = Release|Any CPU
	EndGlobalSection
	GlobalSection(ProjectConfigurationPlatforms) = postSolution
		{C73C670E-FF0D-4D85-B24F-B98772B9DC94}.Debug|Any CPU.ActiveCfg = Debug|Any CPU
		{C73C670E-FF0D-4D85-B24F-B98772B9DC94}.Debug|Any CPU.Build.0 = Debug|Any CPU
		{C73C670E-FF0D-4D85-B24F-B98772B9DC94}.Release|Any CPU.ActiveCfg = Release|Any CPU
		{C73C670E-FF0D-4D85-B24F-B98772B9DC94}.Release|Any CPU.Build.0 = Release|Any CPU
		{0903C7EC-5A01-4D1E-A557-E68276374B8A}.Debug|Any CPU.ActiveCfg = Debug|Any CPU
		{0903C7EC-5A01-4D1E-A557-E68276374B8A}.Debug|Any CPU.Build.0 = Debug|Any CPU
		{0903C7EC-5A01-4D1E-A557-E68276374B8A}.Release|Any CPU.ActiveCfg = Release|Any CPU
		{0903C7EC-5A01-4D1E-A557-E68276374B8A}.Release|Any CPU.Build.0 = Release|Any CPU
	EndGlobalSection
EndGlobal
